# THIS IS AN AUTOGENERATED FILE. DO NOT EDIT THIS FILE DIRECTLY.
# yarn lockfile v1


"@types/node@^14.0.24":
  version "14.0.24"
  resolved "https://registry.yarnpkg.com/@types/node/-/node-14.0.24.tgz#b0f86f58564fa02a28b68f8b55d4cdec42e3b9d6"
  integrity sha512-btt/oNOiDWcSuI721MdL8VQGnjsKjlTMdrKyTcLCKeQp/n4AAMFJ961wMbp+09y8WuGPClDEv07RIItdXKIXAA==

iconv-lite@^0.6.2:
  version "0.6.2"
  resolved "https://registry.yarnpkg.com/iconv-lite/-/iconv-lite-0.6.2.tgz#ce13d1875b0c3a674bd6a04b7f76b01b1b6ded01"
  integrity sha512-2y91h5OpQlolefMPmUlivelittSWy0rP+oYVpn6A7GwVHNE8AWzoYOBNmlwks3LobaJxgHCYZAnyNo2GgpNRNQ==
  dependencies:
    safer-buffer ">= 2.1.2 < 3.0.0"

"safer-buffer@>= 2.1.2 < 3.0.0":
  version "2.1.2"
  resolved "https://registry.yarnpkg.com/safer-buffer/-/safer-buffer-2.1.2.tgz#44fa161b0187b9549dd84bb91802f9bd8385cd6a"
  integrity sha512-YZo3K82SD7Riyi0E1EQPojLz7kpepnSQI9IyPbHHg1XXXevb5dJI7tpyN2ADxGcQbHG7vcyRHk0cbwqcQriUtg==

typescript@^3.8.3:
  version "3.8.3"
  resolved "https://registry.npm.taobao.org/typescript/download/typescript-3.8.3.tgz#409eb8544ea0335711205869ec458ab109ee1061"
  integrity sha1-QJ64VE6gM1cRIFhp7EWKsQnuEGE=
